// !$*UTF8*$!
{
	archiveVersion = 1;
	classes = {
	};
	objectVersion = 46;
	objects = {

/* Begin PBXBuildFile section */
		5C03AB551CEF554C00138BD3 /* AppDelegate.swift in Sources */ = {isa = PBXBuildFile; fileRef = 5C03AB541CEF554C00138BD3 /* AppDelegate.swift */; };
		5C03AB571CEF554C00138BD3 /* Assets.xcassets in Resources */ = {isa = PBXBuildFile; fileRef = 5C03AB561CEF554C00138BD3 /* Assets.xcassets */; };
		5C03AB5A1CEF554C00138BD3 /* MainMenu.xib in Resources */ = {isa = PBXBuildFile; fileRef = 5C03AB581CEF554C00138BD3 /* MainMenu.xib */; };
		5C03AB651CEF554C00138BD3 /* timerTests.swift in Sources */ = {isa = PBXBuildFile; fileRef = 5C03AB641CEF554C00138BD3 /* timerTests.swift */; };
		5C03AB701CEF554C00138BD3 /* timerUITests.swift in Sources */ = {isa = PBXBuildFile; fileRef = 5C03AB6F1CEF554C00138BD3 /* timerUITests.swift */; };
/* End PBXBuildFile section */

/* Begin PBXContainerItemProxy section */
		5C03AB611CEF554C00138BD3 /* PBXContainerItemProxy */ = {
			isa = PBXContainerItemProxy;
			containerPortal = 5C03AB491CEF554C00138BD3 /* Project object */;
			proxyType = 1;
			remoteGlobalIDString = 5C03AB501CEF554C00138BD3;
			remoteInfo = timer;
		};
		5C03AB6C1CEF554C00138BD3 /* PBXContainerItemProxy */ = {
			isa = PBXContainerItemProxy;
			containerPortal = 5C03AB491CEF554C00138BD3 /* Project object */;
			proxyType = 1;
			remoteGlobalIDString = 5C03AB501CEF554C00138BD3;
			remoteInfo = timer;
		};
/* End PBXContainerItemProxy section */

/* Begin PBXFileReference section */
		5C03AB511CEF554C00138BD3 /* timer.app */ = {isa = PBXFileReference; explicitFileType = wrapper.application; includeInIndex = 0; path = timer.app; sourceTree = BUILT_PRODUCTS_DIR; };
		5C03AB541CEF554C00138BD3 /* AppDelegate.swift */ = {isa = PBXFileReference; lastKnownFileType = sourcecode.swift; path = AppDelegate.swift; sourceTree = "<group>"; };
		5C03AB561CEF554C00138BD3 /* Assets.xcassets */ = {isa = PBXFileReference; lastKnownFileType = folder.assetcatalog; path = Assets.xcassets; sourceTree = "<group>"; };
		5C03AB591CEF554C00138BD3 /* Base */ = {isa = PBXFileReference; lastKnownFileType = file.xib; name = Base; path = Base.lproj/MainMenu.xib; sourceTree = "<group>"; };
		5C03AB5B1CEF554C00138BD3 /* Info.plist */ = {isa = PBXFileReference; lastKnownFileType = text.plist.xml; path = Info.plist; sourceTree = "<group>"; };
		5C03AB601CEF554C00138BD3 /* timerTests.xctest */ = {isa = PBXFileReference; explicitFileType = wrapper.cfbundle; includeInIndex = 0; path = timerTests.xctest; sourceTree = BUILT_PRODUCTS_DIR; };
		5C03AB641CEF554C00138BD3 /* timerTests.swift */ = {isa = PBXFileReference; lastKnownFileType = sourcecode.swift; path = timerTests.swift; sourceTree = "<group>"; };
		5C03AB661CEF554C00138BD3 /* Info.plist */ = {isa = PBXFileReference; lastKnownFileType = text.plist.xml; path = Info.plist; sourceTree = "<group>"; };
		5C03AB6B1CEF554C00138BD3 /* timerUITests.xctest */ = {isa = PBXFileReference; explicitFileType = wrapper.cfbundle; includeInIndex = 0; path = timerUITests.xctest; sourceTree = BUILT_PRODUCTS_DIR; };
		5C03AB6F1CEF554C00138BD3 /* timerUITests.swift */ = {isa = PBXFileReference; lastKnownFileType = sourcecode.swift; path = timerUITests.swift; sourceTree = "<group>"; };
		5C03AB711CEF554C00138BD3 /* Info.plist */ = {isa = PBXFileReference; lastKnownFileType = text.plist.xml; path = Info.plist; sourceTree = "<group>"; };
/* End PBXFileReference section */

/* Begin PBXFrameworksBuildPhase section */
		5C03AB4E1CEF554C00138BD3 /* Frameworks */ = {
			isa = PBXFrameworksBuildPhase;
			buildActionMask = 2147483647;
			files = (
			);
			runOnlyForDeploymentPostprocessing = 0;
		};
		5C03AB5D1CEF554C00138BD3 /* Frameworks */ = {
			isa = PBXFrameworksBuildPhase;
			buildActionMask = 2147483647;
			files = (
			);
			runOnlyForDeploymentPostprocessing = 0;
		};
		5C03AB681CEF554C00138BD3 /* Frameworks */ = {
			isa = PBXFrameworksBuildPhase;
			buildActionMask = 2147483647;
			files = (
			);
			runOnlyForDeploymentPostprocessing = 0;
		};
/* End PBXFrameworksBuildPhase section */

/* Begin PBXGroup section */
		5C03AB481CEF554C00138BD3 = {
			isa = PBXGroup;
			children = (
				5C03AB531CEF554C00138BD3 /* timer */,
				5C03AB631CEF554C00138BD3 /* timerTests */,
				5C03AB6E1CEF554C00138BD3 /* timerUITests */,
				5C03AB521CEF554C00138BD3 /* Products */,
			);
			sourceTree = "<group>";
		};
		5C03AB521CEF554C00138BD3 /* Products */ = {
			isa = PBXGroup;
			children = (
				5C03AB511CEF554C00138BD3 /* timer.app */,
				5C03AB601CEF554C00138BD3 /* timerTests.xctest */,
				5C03AB6B1CEF554C00138BD3 /* timerUITests.xctest */,
			);
			name = Products;
			sourceTree = "<group>";
		};
		5C03AB531CEF554C00138BD3 /* timer */ = {
			isa = PBXGroup;
			children = (
				5C03AB541CEF554C00138BD3 /* AppDelegate.swift */,
				5C03AB561CEF554C00138BD3 /* Assets.xcassets */,
				5C03AB581CEF554C00138BD3 /* MainMenu.xib */,
				5C03AB5B1CEF554C00138BD3 /* Info.plist */,
			);
			path = timer;
			sourceTree = "<group>";
		};
		5C03AB631CEF554C00138BD3 /* timerTests */ = {
			isa = PBXGroup;
			children = (
				5C03AB641CEF554C00138BD3 /* timerTests.swift */,
				5C03AB661CEF554C00138BD3 /* Info.plist */,
			);
			path = timerTests;
			sourceTree = "<group>";
		};
		5C03AB6E1CEF554C00138BD3 /* timerUITests */ = {
			isa = PBXGroup;
			children = (
				5C03AB6F1CEF554C00138BD3 /* timerUITests.swift */,
				5C03AB711CEF554C00138BD3 /* Info.plist */,
			);
			path = timerUITests;
			sourceTree = "<group>";
		};
/* End PBXGroup section */

/* Begin PBXNativeTarget section */
		5C03AB501CEF554C00138BD3 /* timer */ = {
			isa = PBXNativeTarget;
			buildConfigurationList = 5C03AB741CEF554C00138BD3 /* Build configuration list for PBXNativeTarget "timer" */;
			buildPhases = (
				5C03AB4D1CEF554C00138BD3 /* Sources */,
				5C03AB4E1CEF554C00138BD3 /* Frameworks */,
				5C03AB4F1CEF554C00138BD3 /* Resources */,
			);
			buildRules = (
			);
			dependencies = (
			);
			name = timer;
			productName = timer;
			productReference = 5C03AB511CEF554C00138BD3 /* timer.app */;
			productType = "com.apple.product-type.application";
		};
		5C03AB5F1CEF554C00138BD3 /* timerTests */ = {
			isa = PBXNativeTarget;
			buildConfigurationList = 5C03AB771CEF554C00138BD3 /* Build configuration list for PBXNativeTarget "timerTests" */;
			buildPhases = (
				5C03AB5C1CEF554C00138BD3 /* Sources */,
				5C03AB5D1CEF554C00138BD3 /* Frameworks */,
				5C03AB5E1CEF554C00138BD3 /* Resources */,
			);
			buildRules = (
			);
			dependencies = (
				5C03AB621CEF554C00138BD3 /* PBXTargetDependency */,
			);
			name = timerTests;
			productName = timerTests;
			productReference = 5C03AB601CEF554C00138BD3 /* timerTests.xctest */;
			productType = "com.apple.product-type.bundle.unit-test";
		};
		5C03AB6A1CEF554C00138BD3 /* timerUITests */ = {
			isa = PBXNativeTarget;
			buildConfigurationList = 5C03AB7A1CEF554C00138BD3 /* Build configuration list for PBXNativeTarget "timerUITests" */;
			buildPhases = (
				5C03AB671CEF554C00138BD3 /* Sources */,
				5C03AB681CEF554C00138BD3 /* Frameworks */,
				5C03AB691CEF554C00138BD3 /* Resources */,
			);
			buildRules = (
			);
			dependencies = (
				5C03AB6D1CEF554C00138BD3 /* PBXTargetDependency */,
			);
			name = timerUITests;
			productName = timerUITests;
			productReference = 5C03AB6B1CEF554C00138BD3 /* timerUITests.xctest */;
			productType = "com.apple.product-type.bundle.ui-testing";
		};
/* End PBXNativeTarget section */

/* Begin PBXProject section */
		5C03AB491CEF554C00138BD3 /* Project object */ = {
			isa = PBXProject;
			attributes = {
				LastUpgradeCheck = 0700;
				ORGANIZATIONNAME = zhaokai;
				TargetAttributes = {
					5C03AB501CEF554C00138BD3 = {
						CreatedOnToolsVersion = 7.0;
					};
					5C03AB5F1CEF554C00138BD3 = {
						CreatedOnToolsVersion = 7.0;
						TestTargetID = 5C03AB501CEF554C00138BD3;
					};
					5C03AB6A1CEF554C00138BD3 = {
						CreatedOnToolsVersion = 7.0;
						TestTargetID = 5C03AB501CEF554C00138BD3;
					};
				};
			};
			buildConfigurationList = 5C03AB4C1CEF554C00138BD3 /* Build configuration list for PBXProject "timer" */;
			compatibilityVersion = "Xcode 3.2";
			developmentRegion = English;
			hasScannedForEncodings = 0;
			knownRegions = (
				en,
				Base,
			);
			mainGroup = 5C03AB481CEF554C00138BD3;
			productRefGroup = 5C03AB521CEF554C00138BD3 /* Products */;
			projectDirPath = "";
			projectRoot = "";
			targets = (
				5C03AB501CEF554C00138BD3 /* timer */,
				5C03AB5F1CEF554C00138BD3 /* timerTests */,
				5C03AB6A1CEF554C00138BD3 /* timerUITests */,
			);
		};
/* End PBXProject section */

/* Begin PBXResourcesBuildPhase section */
		5C03AB4F1CEF554C00138BD3 /* Resources */ = {
			isa = PBXResourcesBuildPhase;
			buildActionMask = 2147483647;
			files = (
				5C03AB571CEF554C00138BD3 /* Assets.xcassets in Resources */,
				5C03AB5A1CEF554C00138BD3 /* MainMenu.xib in Resources */,
			);
			runOnlyForDeploymentPostprocessing = 0;
		};
		5C03AB5E1CEF554C00138BD3 /* Resources */ = {
			isa = PBXResourcesBuildPhase;
			buildActionMask = 2147483647;
			files = (
			);
			runOnlyForDeploymentPostprocessing = 0;
		};
		5C03AB691CEF554C00138BD3 /* Resources */ = {
			isa = PBXResourcesBuildPhase;
			buildActionMask = 2147483647;
			files = (
			);
			runOnlyForDeploymentPostprocessing = 0;
		};
/* End PBXResourcesBuildPhase section */

/* Begin PBXSourcesBuildPhase section */
		5C03AB4D1CEF554C00138BD3 /* Sources */ = {
			isa = PBXSourcesBuildPhase;
			buildActionMask = 2147483647;
			files = (
				5C03AB551CEF554C00138BD3 /* AppDelegate.swift in Sources */,
			);
			runOnlyForDeploymentPostprocessing = 0;
		};
		5C03AB5C1CEF554C00138BD3 /* Sources */ = {
			isa = PBXSourcesBuildPhase;
			buildActionMask = 2147483647;
			files = (
				5C03AB651CEF554C00138BD3 /* timerTests.swift in Sources */,
			);
			runOnlyForDeploymentPostprocessing = 0;
		};
		5C03AB671CEF554C00138BD3 /* Sources */ = {
			isa = PBXSourcesBuildPhase;
			buildActionMask = 2147483647;
			files = (
				5C03AB701CEF554C00138BD3 /* timerUITests.swift in Sources */,
			);
			runOnlyForDeploymentPostprocessing = 0;
		};
/* End PBXSourcesBuildPhase section */

/* Begin PBXTargetDependency section */
		5C03AB621CEF554C00138BD3 /* PBXTargetDependency */ = {
			isa = PBXTargetDependency;
			target = 5C03AB501CEF554C00138BD3 /* timer */;
			targetProxy = 5C03AB611CEF554C00138BD3 /* PBXContainerItemProxy */;
		};
		5C03AB6D1CEF554C00138BD3 /* PBXTargetDependency */ = {
			isa = PBXTargetDependency;
			target = 5C03AB501CEF554C00138BD3 /* timer */;
			targetProxy = 5C03AB6C1CEF554C00138BD3 /* PBXContainerItemProxy */;
		};
/* End PBXTargetDependency section */

/* Begin PBXVariantGroup section */
		5C03AB581CEF554C00138BD3 /* MainMenu.xib */ = {
			isa = PBXVariantGroup;
			children = (
				5C03AB591CEF554C00138BD3 /* Base */,
			);
			name = MainMenu.xib;
			sourceTree = "<group>";
		};
/* End PBXVariantGroup section */

/* Begin XCBuildConfiguration section */
		5C03AB721CEF554C00138BD3 /* Debug */ = {
			isa = XCBuildConfiguration;
			buildSettings = {
				ALWAYS_SEARCH_USER_PATHS = NO;
				CLANG_CXX_LANGUAGE_STANDARD = "gnu++0x";
				CLANG_CXX_LIBRARY = "libc++";
				CLANG_ENABLE_MODULES = YES;
				CLANG_ENABLE_OBJC_ARC = YES;
				CLANG_WARN_BOOL_CONVERSION = YES;
				CLANG_WARN_CONSTANT_CONVERSION = YES;
				CLANG_WARN_DIRECT_OBJC_ISA_USAGE = YES_ERROR;
				CLANG_WARN_EMPTY_BODY = YES;
				CLANG_WARN_ENUM_CONVERSION = YES;
				CLANG_WARN_INT_CONVERSION = YES;
				CLANG_WARN_OBJC_ROOT_CLASS = YES_ERROR;
				CLANG_WARN_UNREACHABLE_CODE = YES;
				CLANG_WARN__DUPLICATE_METHOD_MATCH = YES;
				CODE_SIGN_IDENTITY = "-";
				COPY_PHASE_STRIP = NO;
				DEBUG_INFORMATION_FORMAT = dwarf;
				ENABLE_STRICT_OBJC_MSGSEND = YES;
				ENABLE_TESTABILITY = YES;
				GCC_C_LANGUAGE_STANDARD = gnu99;
				GCC_DYNAMIC_NO_PIC = NO;
				GCC_NO_COMMON_BLOCKS = YES;
				GCC_OPTIMIZATION_LEVEL = 0;
				GCC_PREPROCESSOR_DEFINITIONS = (
					"DEBUG=1",
					"$(inherited)",
				);
				GCC_WARN_64_TO_32_BIT_CONVERSION = YES;
				GCC_WARN_ABOUT_RETURN_TYPE = YES_ERROR;
				GCC_WARN_UNDECLARED_SELECTOR = YES;
				GCC_WARN_UNINITIALIZED_AUTOS = YES_AGGRESSIVE;
				GCC_WARN_UNUSED_FUNCTION = YES;
				GCC_WARN_UNUSED_VARIABLE = YES;
				MACOSX_DEPLOYMENT_TARGET = 10.11;
				MTL_ENABLE_DEBUG_INFO = YES;
				ONLY_ACTIVE_ARCH = YES;
				SDKROOT = macosx;
				SWIFT_OPTIMIZATION_LEVEL = "-Onone";
			};
			name = Debug;
		};
		5C03AB731CEF554C00138BD3 /* Release */ = {
			isa = XCBuildConfiguration;
			buildSettings = {
				ALWAYS_SEARCH_USER_PATHS = NO;
				CLANG_CXX_LANGUAGE_STANDARD = "gnu++0x";
				CLANG_CXX_LIBRARY = "libc++";
				CLANG_ENABLE_MODULES = YES;
				CLANG_ENABLE_OBJC_ARC = YES;
				CLANG_WARN_BOOL_CONVERSION = YES;
				CLANG_WARN_CONSTANT_CONVERSION = YES;
				CLANG_WARN_DIRECT_OBJC_ISA_USAGE = YES_ERROR;
				CLANG_WARN_EMPTY_BODY = YES;
				CLANG_WARN_ENUM_CONVERSION = YES;
				CLANG_WARN_INT_CONVERSION = YES;
				CLANG_WARN_OBJC_ROOT_CLASS = YES_ERROR;
				CLANG_WARN_UNREACHABLE_CODE = YES;
				CLANG_WARN__DUPLICATE_METHOD_MATCH = YES;
				CODE_SIGN_IDENTITY = "-";
				COPY_PHASE_STRIP = NO;
				DEBUG_INFORMATION_FORMAT = "dwarf-with-dsym";
				ENABLE_NS_ASSERTIONS = NO;
				ENABLE_STRICT_OBJC_MSGSEND = YES;
				GCC_C_LANGUAGE_STANDARD = gnu99;
				GCC_NO_COMMON_BLOCKS = YES;
				GCC_WARN_64_TO_32_BIT_CONVERSION = YES;
				GCC_WARN_ABOUT_RETURN_TYPE = YES_ERROR;
				GCC_WARN_UNDECLARED_SELECTOR = YES;
				GCC_WARN_UNINITIALIZED_AUTOS = YES_AGGRESSIVE;
				GCC_WARN_UNUSED_FUNCTION = YES;
				GCC_WARN_UNUSED_VARIABLE = YES;
				MACOSX_DEPLOYMENT_TARGET = 10.11;
				MTL_ENABLE_DEBUG_INFO = NO;
				SDKROOT = macosx;
			};
			name = Release;
		};
		5C03AB751CEF554C00138BD3 /* Debug */ = {
			isa = XCBuildConfiguration;
			buildSettings = {
				ASSETCATALOG_COMPILER_APPICON_NAME = AppIcon;
				COMBINE_HIDPI_IMAGES = YES;
				INFOPLIST_FILE = timer/Info.plist;
				LD_RUNPATH_SEARCH_PATHS = "$(inherited) @executable_path/../Frameworks";
				PRODUCT_BUNDLE_IDENTIFIER = test.timer;
				PRODUCT_NAME = "$(TARGET_NAME)";
			};
			name = Debug;
		};
		5C03AB761CEF554C00138BD3 /* Release */ = {
			isa = XCBuildConfiguration;
			buildSettings = {
				ASSETCATALOG_COMPILER_APPICON_NAME = AppIcon;
				COMBINE_HIDPI_IMAGES = YES;
				INFOPLIST_FILE = timer/Info.plist;
				LD_RUNPATH_SEARCH_PATHS = "$(inherited) @executable_path/../Frameworks";
				PRODUCT_BUNDLE_IDENTIFIER = test.timer;
				PRODUCT_NAME = "$(TARGET_NAME)";
			};
			name = Release;
		};
		5C03AB781CEF554C00138BD3 /* Debug */ = {
			isa = XCBuildConfiguration;
			buildSettings = {
				BUNDLE_LOADER = "$(TEST_HOST)";
				COMBINE_HIDPI_IMAGES = YES;
				INFOPLIST_FILE = timerTests/Info.plist;
				LD_RUNPATH_SEARCH_PATHS = "$(inherited) @executable_path/../Frameworks @loader_path/../Frameworks";
				PRODUCT_BUNDLE_IDENTIFIER = test.timerTests;
				PRODUCT_NAME = "$(TARGET_NAME)";
				TEST_HOST = "$(BUILT_PRODUCTS_DIR)/timer.app/Contents/MacOS/timer";
			};
			name = Debug;
		};
		5C03AB791CEF554C00138BD3 /* Release */ = {
			isa = XCBuildConfiguration;
			buildSettings = {
				BUNDLE_LOADER = "$(TEST_HOST)";
				COMBINE_HIDPI_IMAGES = YES;
				INFOPLIST_FILE = timerTests/Info.plist;
				LD_RUNPATH_SEARCH_PATHS = "$(inherited) @executable_path/../Frameworks @loader_path/../Frameworks";
				PRODUCT_BUNDLE_IDENTIFIER = test.timerTests;
				PRODUCT_NAME = "$(TARGET_NAME)";
				TEST_HOST = "$(BUILT_PRODUCTS_DIR)/timer.app/Contents/MacOS/timer";
			};
			name = Release;
		};
		5C03AB7B1CEF554C00138BD3 /* Debug */ = {
			isa = XCBuildConfiguration;
			buildSettings = {
				COMBINE_HIDPI_IMAGES = YES;
				INFOPLIST_FILE = timerUITests/Info.plist;
				LD_RUNPATH_SEARCH_PATHS = "$(inherited) @executable_path/../Frameworks @loader_path/../Frameworks";
				PRODUCT_BUNDLE_IDENTIFIER = test.timerUITests;
				PRODUCT_NAME = "$(TARGET_NAME)";
				TEST_TARGET_NAME = timer;
				USES_XCTRUNNER = YES;
			};
			name = Debug;
		};
		5C03AB7C1CEF554C00138BD3 /* Release */ = {
			isa = XCBuildConfiguration;
			buildSettings = {
				COMBINE_HIDPI_IMAGES = YES;
				INFOPLIST_FILE = timerUITests/Info.plist;
				LD_RUNPATH_SEARCH_PATHS = "$(inherited) @executable_path/../Frameworks @loader_path/../Frameworks";
				PRODUCT_BUNDLE_IDENTIFIER = test.timerUITests;
				PRODUCT_NAME = "$(TARGET_NAME)";
				TEST_TARGET_NAME = timer;
				USES_XCTRUNNER = YES;
			};
			name = Release;
		};
/* End XCBuildConfiguration section */

/* Begin XCConfigurationList section */
		5C03AB4C1CEF554C00138BD3 /* Build configuration list for PBXProject "timer" */ = {
			isa = XCConfigurationList;
			buildConfigurations = (
				5C03AB721CEF554C00138BD3 /* Debug */,
				5C03AB731CEF554C00138BD3 /* Release */,
			);
			defaultConfigurationIsVisible = 0;
			defaultConfigurationName = Release;
		};
		5C03AB741CEF554C00138BD3 /* Build configuration list for PBXNativeTarget "timer" */ = {
			isa = XCConfigurationList;
			buildConfigurations = (
				5C03AB751CEF554C00138BD3 /* Debug */,
				5C03AB761CEF554C00138BD3 /* Release */,
			);
			defaultConfigurationIsVisible = 0;
		};
		5C03AB771CEF554C00138BD3 /* Build configuration list for PBXNativeTarget "timerTests" */ = {
			isa = XCConfigurationList;
			buildConfigurations = (
				5C03AB781CEF554C00138BD3 /* Debug */,
				5C03AB791CEF554C00138BD3 /* Release */,
			);
			defaultConfigurationIsVisible = 0;
		};
		5C03AB7A1CEF554C00138BD3 /* Build configuration list for PBXNativeTarget "timerUITests" */ = {
			isa = XCConfigurationList;
			buildConfigurations = (
				5C03AB7B1CEF554C00138BD3 /* Debug */,
				5C03AB7C1CEF554C00138BD3 /* Release */,
			);
			defaultConfigurationIsVisible = 0;
		};
/* End XCConfigurationList section */
	};
	rootObject = 5C03AB491CEF554C00138BD3 /* Project object */;
}
