// !$*UTF8*$!
{
	archiveVersion = 1;
	classes = {
	};
	objectVersion = 46;
	objects = {

/* Begin PBXBuildFile section */
		5C0BCAC21CEDFA1300B06640 /* AppDelegate.swift in Sources */ = {isa = PBXBuildFile; fileRef = 5C0BCAC11CEDFA1300B06640 /* AppDelegate.swift */; };
		5C0BCAC41CEDFA1300B06640 /* Assets.xcassets in Resources */ = {isa = PBXBuildFile; fileRef = 5C0BCAC31CEDFA1300B06640 /* Assets.xcassets */; };
		5C0BCAC71CEDFA1300B06640 /* MainMenu.xib in Resources */ = {isa = PBXBuildFile; fileRef = 5C0BCAC51CEDFA1300B06640 /* MainMenu.xib */; };
		5C0BCAD21CEDFA1300B06640 /* key_event_test_1Tests.swift in Sources */ = {isa = PBXBuildFile; fileRef = 5C0BCAD11CEDFA1300B06640 /* key_event_test_1Tests.swift */; };
		5C0BCADD1CEDFA1300B06640 /* key_event_test_1UITests.swift in Sources */ = {isa = PBXBuildFile; fileRef = 5C0BCADC1CEDFA1300B06640 /* key_event_test_1UITests.swift */; };
/* End PBXBuildFile section */

/* Begin PBXContainerItemProxy section */
		5C0BCACE1CEDFA1300B06640 /* PBXContainerItemProxy */ = {
			isa = PBXContainerItemProxy;
			containerPortal = 5C0BCAB61CEDFA1300B06640 /* Project object */;
			proxyType = 1;
			remoteGlobalIDString = 5C0BCABD1CEDFA1300B06640;
			remoteInfo = key_event_test_1;
		};
		5C0BCAD91CEDFA1300B06640 /* PBXContainerItemProxy */ = {
			isa = PBXContainerItemProxy;
			containerPortal = 5C0BCAB61CEDFA1300B06640 /* Project object */;
			proxyType = 1;
			remoteGlobalIDString = 5C0BCABD1CEDFA1300B06640;
			remoteInfo = key_event_test_1;
		};
/* End PBXContainerItemProxy section */

/* Begin PBXFileReference section */
		5C0BCABE1CEDFA1300B06640 /* key_event_test_1.app */ = {isa = PBXFileReference; explicitFileType = wrapper.application; includeInIndex = 0; path = key_event_test_1.app; sourceTree = BUILT_PRODUCTS_DIR; };
		5C0BCAC11CEDFA1300B06640 /* AppDelegate.swift */ = {isa = PBXFileReference; lastKnownFileType = sourcecode.swift; path = AppDelegate.swift; sourceTree = "<group>"; };
		5C0BCAC31CEDFA1300B06640 /* Assets.xcassets */ = {isa = PBXFileReference; lastKnownFileType = folder.assetcatalog; path = Assets.xcassets; sourceTree = "<group>"; };
		5C0BCAC61CEDFA1300B06640 /* Base */ = {isa = PBXFileReference; lastKnownFileType = file.xib; name = Base; path = Base.lproj/MainMenu.xib; sourceTree = "<group>"; };
		5C0BCAC81CEDFA1300B06640 /* Info.plist */ = {isa = PBXFileReference; lastKnownFileType = text.plist.xml; path = Info.plist; sourceTree = "<group>"; };
		5C0BCACD1CEDFA1300B06640 /* key_event_test_1Tests.xctest */ = {isa = PBXFileReference; explicitFileType = wrapper.cfbundle; includeInIndex = 0; path = key_event_test_1Tests.xctest; sourceTree = BUILT_PRODUCTS_DIR; };
		5C0BCAD11CEDFA1300B06640 /* key_event_test_1Tests.swift */ = {isa = PBXFileReference; lastKnownFileType = sourcecode.swift; path = key_event_test_1Tests.swift; sourceTree = "<group>"; };
		5C0BCAD31CEDFA1300B06640 /* Info.plist */ = {isa = PBXFileReference; lastKnownFileType = text.plist.xml; path = Info.plist; sourceTree = "<group>"; };
		5C0BCAD81CEDFA1300B06640 /* key_event_test_1UITests.xctest */ = {isa = PBXFileReference; explicitFileType = wrapper.cfbundle; includeInIndex = 0; path = key_event_test_1UITests.xctest; sourceTree = BUILT_PRODUCTS_DIR; };
		5C0BCADC1CEDFA1300B06640 /* key_event_test_1UITests.swift */ = {isa = PBXFileReference; lastKnownFileType = sourcecode.swift; path = key_event_test_1UITests.swift; sourceTree = "<group>"; };
		5C0BCADE1CEDFA1300B06640 /* Info.plist */ = {isa = PBXFileReference; lastKnownFileType = text.plist.xml; path = Info.plist; sourceTree = "<group>"; };
/* End PBXFileReference section */

/* Begin PBXFrameworksBuildPhase section */
		5C0BCABB1CEDFA1300B06640 /* Frameworks */ = {
			isa = PBXFrameworksBuildPhase;
			buildActionMask = 2147483647;
			files = (
			);
			runOnlyForDeploymentPostprocessing = 0;
		};
		5C0BCACA1CEDFA1300B06640 /* Frameworks */ = {
			isa = PBXFrameworksBuildPhase;
			buildActionMask = 2147483647;
			files = (
			);
			runOnlyForDeploymentPostprocessing = 0;
		};
		5C0BCAD51CEDFA1300B06640 /* Frameworks */ = {
			isa = PBXFrameworksBuildPhase;
			buildActionMask = 2147483647;
			files = (
			);
			runOnlyForDeploymentPostprocessing = 0;
		};
/* End PBXFrameworksBuildPhase section */

/* Begin PBXGroup section */
		5C0BCAB51CEDFA1300B06640 = {
			isa = PBXGroup;
			children = (
				5C0BCAC01CEDFA1300B06640 /* key_event_test_1 */,
				5C0BCAD01CEDFA1300B06640 /* key_event_test_1Tests */,
				5C0BCADB1CEDFA1300B06640 /* key_event_test_1UITests */,
				5C0BCABF1CEDFA1300B06640 /* Products */,
			);
			sourceTree = "<group>";
		};
		5C0BCABF1CEDFA1300B06640 /* Products */ = {
			isa = PBXGroup;
			children = (
				5C0BCABE1CEDFA1300B06640 /* key_event_test_1.app */,
				5C0BCACD1CEDFA1300B06640 /* key_event_test_1Tests.xctest */,
				5C0BCAD81CEDFA1300B06640 /* key_event_test_1UITests.xctest */,
			);
			name = Products;
			sourceTree = "<group>";
		};
		5C0BCAC01CEDFA1300B06640 /* key_event_test_1 */ = {
			isa = PBXGroup;
			children = (
				5C0BCAC11CEDFA1300B06640 /* AppDelegate.swift */,
				5C0BCAC31CEDFA1300B06640 /* Assets.xcassets */,
				5C0BCAC51CEDFA1300B06640 /* MainMenu.xib */,
				5C0BCAC81CEDFA1300B06640 /* Info.plist */,
			);
			path = key_event_test_1;
			sourceTree = "<group>";
		};
		5C0BCAD01CEDFA1300B06640 /* key_event_test_1Tests */ = {
			isa = PBXGroup;
			children = (
				5C0BCAD11CEDFA1300B06640 /* key_event_test_1Tests.swift */,
				5C0BCAD31CEDFA1300B06640 /* Info.plist */,
			);
			path = key_event_test_1Tests;
			sourceTree = "<group>";
		};
		5C0BCADB1CEDFA1300B06640 /* key_event_test_1UITests */ = {
			isa = PBXGroup;
			children = (
				5C0BCADC1CEDFA1300B06640 /* key_event_test_1UITests.swift */,
				5C0BCADE1CEDFA1300B06640 /* Info.plist */,
			);
			path = key_event_test_1UITests;
			sourceTree = "<group>";
		};
/* End PBXGroup section */

/* Begin PBXNativeTarget section */
		5C0BCABD1CEDFA1300B06640 /* key_event_test_1 */ = {
			isa = PBXNativeTarget;
			buildConfigurationList = 5C0BCAE11CEDFA1300B06640 /* Build configuration list for PBXNativeTarget "key_event_test_1" */;
			buildPhases = (
				5C0BCABA1CEDFA1300B06640 /* Sources */,
				5C0BCABB1CEDFA1300B06640 /* Frameworks */,
				5C0BCABC1CEDFA1300B06640 /* Resources */,
			);
			buildRules = (
			);
			dependencies = (
			);
			name = key_event_test_1;
			productName = key_event_test_1;
			productReference = 5C0BCABE1CEDFA1300B06640 /* key_event_test_1.app */;
			productType = "com.apple.product-type.application";
		};
		5C0BCACC1CEDFA1300B06640 /* key_event_test_1Tests */ = {
			isa = PBXNativeTarget;
			buildConfigurationList = 5C0BCAE41CEDFA1300B06640 /* Build configuration list for PBXNativeTarget "key_event_test_1Tests" */;
			buildPhases = (
				5C0BCAC91CEDFA1300B06640 /* Sources */,
				5C0BCACA1CEDFA1300B06640 /* Frameworks */,
				5C0BCACB1CEDFA1300B06640 /* Resources */,
			);
			buildRules = (
			);
			dependencies = (
				5C0BCACF1CEDFA1300B06640 /* PBXTargetDependency */,
			);
			name = key_event_test_1Tests;
			productName = key_event_test_1Tests;
			productReference = 5C0BCACD1CEDFA1300B06640 /* key_event_test_1Tests.xctest */;
			productType = "com.apple.product-type.bundle.unit-test";
		};
		5C0BCAD71CEDFA1300B06640 /* key_event_test_1UITests */ = {
			isa = PBXNativeTarget;
			buildConfigurationList = 5C0BCAE71CEDFA1300B06640 /* Build configuration list for PBXNativeTarget "key_event_test_1UITests" */;
			buildPhases = (
				5C0BCAD41CEDFA1300B06640 /* Sources */,
				5C0BCAD51CEDFA1300B06640 /* Frameworks */,
				5C0BCAD61CEDFA1300B06640 /* Resources */,
			);
			buildRules = (
			);
			dependencies = (
				5C0BCADA1CEDFA1300B06640 /* PBXTargetDependency */,
			);
			name = key_event_test_1UITests;
			productName = key_event_test_1UITests;
			productReference = 5C0BCAD81CEDFA1300B06640 /* key_event_test_1UITests.xctest */;
			productType = "com.apple.product-type.bundle.ui-testing";
		};
/* End PBXNativeTarget section */

/* Begin PBXProject section */
		5C0BCAB61CEDFA1300B06640 /* Project object */ = {
			isa = PBXProject;
			attributes = {
				LastUpgradeCheck = 0700;
				ORGANIZATIONNAME = zhaokai;
				TargetAttributes = {
					5C0BCABD1CEDFA1300B06640 = {
						CreatedOnToolsVersion = 7.0;
					};
					5C0BCACC1CEDFA1300B06640 = {
						CreatedOnToolsVersion = 7.0;
						TestTargetID = 5C0BCABD1CEDFA1300B06640;
					};
					5C0BCAD71CEDFA1300B06640 = {
						CreatedOnToolsVersion = 7.0;
						TestTargetID = 5C0BCABD1CEDFA1300B06640;
					};
				};
			};
			buildConfigurationList = 5C0BCAB91CEDFA1300B06640 /* Build configuration list for PBXProject "key_event_test_1" */;
			compatibilityVersion = "Xcode 3.2";
			developmentRegion = English;
			hasScannedForEncodings = 0;
			knownRegions = (
				en,
				Base,
			);
			mainGroup = 5C0BCAB51CEDFA1300B06640;
			productRefGroup = 5C0BCABF1CEDFA1300B06640 /* Products */;
			projectDirPath = "";
			projectRoot = "";
			targets = (
				5C0BCABD1CEDFA1300B06640 /* key_event_test_1 */,
				5C0BCACC1CEDFA1300B06640 /* key_event_test_1Tests */,
				5C0BCAD71CEDFA1300B06640 /* key_event_test_1UITests */,
			);
		};
/* End PBXProject section */

/* Begin PBXResourcesBuildPhase section */
		5C0BCABC1CEDFA1300B06640 /* Resources */ = {
			isa = PBXResourcesBuildPhase;
			buildActionMask = 2147483647;
			files = (
				5C0BCAC41CEDFA1300B06640 /* Assets.xcassets in Resources */,
				5C0BCAC71CEDFA1300B06640 /* MainMenu.xib in Resources */,
			);
			runOnlyForDeploymentPostprocessing = 0;
		};
		5C0BCACB1CEDFA1300B06640 /* Resources */ = {
			isa = PBXResourcesBuildPhase;
			buildActionMask = 2147483647;
			files = (
			);
			runOnlyForDeploymentPostprocessing = 0;
		};
		5C0BCAD61CEDFA1300B06640 /* Resources */ = {
			isa = PBXResourcesBuildPhase;
			buildActionMask = 2147483647;
			files = (
			);
			runOnlyForDeploymentPostprocessing = 0;
		};
/* End PBXResourcesBuildPhase section */

/* Begin PBXSourcesBuildPhase section */
		5C0BCABA1CEDFA1300B06640 /* Sources */ = {
			isa = PBXSourcesBuildPhase;
			buildActionMask = 2147483647;
			files = (
				5C0BCAC21CEDFA1300B06640 /* AppDelegate.swift in Sources */,
			);
			runOnlyForDeploymentPostprocessing = 0;
		};
		5C0BCAC91CEDFA1300B06640 /* Sources */ = {
			isa = PBXSourcesBuildPhase;
			buildActionMask = 2147483647;
			files = (
				5C0BCAD21CEDFA1300B06640 /* key_event_test_1Tests.swift in Sources */,
			);
			runOnlyForDeploymentPostprocessing = 0;
		};
		5C0BCAD41CEDFA1300B06640 /* Sources */ = {
			isa = PBXSourcesBuildPhase;
			buildActionMask = 2147483647;
			files = (
				5C0BCADD1CEDFA1300B06640 /* key_event_test_1UITests.swift in Sources */,
			);
			runOnlyForDeploymentPostprocessing = 0;
		};
/* End PBXSourcesBuildPhase section */

/* Begin PBXTargetDependency section */
		5C0BCACF1CEDFA1300B06640 /* PBXTargetDependency */ = {
			isa = PBXTargetDependency;
			target = 5C0BCABD1CEDFA1300B06640 /* key_event_test_1 */;
			targetProxy = 5C0BCACE1CEDFA1300B06640 /* PBXContainerItemProxy */;
		};
		5C0BCADA1CEDFA1300B06640 /* PBXTargetDependency */ = {
			isa = PBXTargetDependency;
			target = 5C0BCABD1CEDFA1300B06640 /* key_event_test_1 */;
			targetProxy = 5C0BCAD91CEDFA1300B06640 /* PBXContainerItemProxy */;
		};
/* End PBXTargetDependency section */

/* Begin PBXVariantGroup section */
		5C0BCAC51CEDFA1300B06640 /* MainMenu.xib */ = {
			isa = PBXVariantGroup;
			children = (
				5C0BCAC61CEDFA1300B06640 /* Base */,
			);
			name = MainMenu.xib;
			sourceTree = "<group>";
		};
/* End PBXVariantGroup section */

/* Begin XCBuildConfiguration section */
		5C0BCADF1CEDFA1300B06640 /* Debug */ = {
			isa = XCBuildConfiguration;
			buildSettings = {
				ALWAYS_SEARCH_USER_PATHS = NO;
				CLANG_CXX_LANGUAGE_STANDARD = "gnu++0x";
				CLANG_CXX_LIBRARY = "libc++";
				CLANG_ENABLE_MODULES = YES;
				CLANG_ENABLE_OBJC_ARC = YES;
				CLANG_WARN_BOOL_CONVERSION = YES;
				CLANG_WARN_CONSTANT_CONVERSION = YES;
				CLANG_WARN_DIRECT_OBJC_ISA_USAGE = YES_ERROR;
				CLANG_WARN_EMPTY_BODY = YES;
				CLANG_WARN_ENUM_CONVERSION = YES;
				CLANG_WARN_INT_CONVERSION = YES;
				CLANG_WARN_OBJC_ROOT_CLASS = YES_ERROR;
				CLANG_WARN_UNREACHABLE_CODE = YES;
				CLANG_WARN__DUPLICATE_METHOD_MATCH = YES;
				CODE_SIGN_IDENTITY = "-";
				COPY_PHASE_STRIP = NO;
				DEBUG_INFORMATION_FORMAT = dwarf;
				ENABLE_STRICT_OBJC_MSGSEND = YES;
				ENABLE_TESTABILITY = YES;
				GCC_C_LANGUAGE_STANDARD = gnu99;
				GCC_DYNAMIC_NO_PIC = NO;
				GCC_NO_COMMON_BLOCKS = YES;
				GCC_OPTIMIZATION_LEVEL = 0;
				GCC_PREPROCESSOR_DEFINITIONS = (
					"DEBUG=1",
					"$(inherited)",
				);
				GCC_WARN_64_TO_32_BIT_CONVERSION = YES;
				GCC_WARN_ABOUT_RETURN_TYPE = YES_ERROR;
				GCC_WARN_UNDECLARED_SELECTOR = YES;
				GCC_WARN_UNINITIALIZED_AUTOS = YES_AGGRESSIVE;
				GCC_WARN_UNUSED_FUNCTION = YES;
				GCC_WARN_UNUSED_VARIABLE = YES;
				MACOSX_DEPLOYMENT_TARGET = 10.11;
				MTL_ENABLE_DEBUG_INFO = YES;
				ONLY_ACTIVE_ARCH = YES;
				SDKROOT = macosx;
				SWIFT_OPTIMIZATION_LEVEL = "-Onone";
			};
			name = Debug;
		};
		5C0BCAE01CEDFA1300B06640 /* Release */ = {
			isa = XCBuildConfiguration;
			buildSettings = {
				ALWAYS_SEARCH_USER_PATHS = NO;
				CLANG_CXX_LANGUAGE_STANDARD = "gnu++0x";
				CLANG_CXX_LIBRARY = "libc++";
				CLANG_ENABLE_MODULES = YES;
				CLANG_ENABLE_OBJC_ARC = YES;
				CLANG_WARN_BOOL_CONVERSION = YES;
				CLANG_WARN_CONSTANT_CONVERSION = YES;
				CLANG_WARN_DIRECT_OBJC_ISA_USAGE = YES_ERROR;
				CLANG_WARN_EMPTY_BODY = YES;
				CLANG_WARN_ENUM_CONVERSION = YES;
				CLANG_WARN_INT_CONVERSION = YES;
				CLANG_WARN_OBJC_ROOT_CLASS = YES_ERROR;
				CLANG_WARN_UNREACHABLE_CODE = YES;
				CLANG_WARN__DUPLICATE_METHOD_MATCH = YES;
				CODE_SIGN_IDENTITY = "-";
				COPY_PHASE_STRIP = NO;
				DEBUG_INFORMATION_FORMAT = "dwarf-with-dsym";
				ENABLE_NS_ASSERTIONS = NO;
				ENABLE_STRICT_OBJC_MSGSEND = YES;
				GCC_C_LANGUAGE_STANDARD = gnu99;
				GCC_NO_COMMON_BLOCKS = YES;
				GCC_WARN_64_TO_32_BIT_CONVERSION = YES;
				GCC_WARN_ABOUT_RETURN_TYPE = YES_ERROR;
				GCC_WARN_UNDECLARED_SELECTOR = YES;
				GCC_WARN_UNINITIALIZED_AUTOS = YES_AGGRESSIVE;
				GCC_WARN_UNUSED_FUNCTION = YES;
				GCC_WARN_UNUSED_VARIABLE = YES;
				MACOSX_DEPLOYMENT_TARGET = 10.11;
				MTL_ENABLE_DEBUG_INFO = NO;
				SDKROOT = macosx;
			};
			name = Release;
		};
		5C0BCAE21CEDFA1300B06640 /* Debug */ = {
			isa = XCBuildConfiguration;
			buildSettings = {
				ASSETCATALOG_COMPILER_APPICON_NAME = AppIcon;
				COMBINE_HIDPI_IMAGES = YES;
				INFOPLIST_FILE = key_event_test_1/Info.plist;
				LD_RUNPATH_SEARCH_PATHS = "$(inherited) @executable_path/../Frameworks";
				PRODUCT_BUNDLE_IDENTIFIER = "test.key-event-test-1";
				PRODUCT_NAME = "$(TARGET_NAME)";
			};
			name = Debug;
		};
		5C0BCAE31CEDFA1300B06640 /* Release */ = {
			isa = XCBuildConfiguration;
			buildSettings = {
				ASSETCATALOG_COMPILER_APPICON_NAME = AppIcon;
				COMBINE_HIDPI_IMAGES = YES;
				INFOPLIST_FILE = key_event_test_1/Info.plist;
				LD_RUNPATH_SEARCH_PATHS = "$(inherited) @executable_path/../Frameworks";
				PRODUCT_BUNDLE_IDENTIFIER = "test.key-event-test-1";
				PRODUCT_NAME = "$(TARGET_NAME)";
			};
			name = Release;
		};
		5C0BCAE51CEDFA1300B06640 /* Debug */ = {
			isa = XCBuildConfiguration;
			buildSettings = {
				BUNDLE_LOADER = "$(TEST_HOST)";
				COMBINE_HIDPI_IMAGES = YES;
				INFOPLIST_FILE = key_event_test_1Tests/Info.plist;
				LD_RUNPATH_SEARCH_PATHS = "$(inherited) @executable_path/../Frameworks @loader_path/../Frameworks";
				PRODUCT_BUNDLE_IDENTIFIER = "test.key-event-test-1Tests";
				PRODUCT_NAME = "$(TARGET_NAME)";
				TEST_HOST = "$(BUILT_PRODUCTS_DIR)/key_event_test_1.app/Contents/MacOS/key_event_test_1";
			};
			name = Debug;
		};
		5C0BCAE61CEDFA1300B06640 /* Release */ = {
			isa = XCBuildConfiguration;
			buildSettings = {
				BUNDLE_LOADER = "$(TEST_HOST)";
				COMBINE_HIDPI_IMAGES = YES;
				INFOPLIST_FILE = key_event_test_1Tests/Info.plist;
				LD_RUNPATH_SEARCH_PATHS = "$(inherited) @executable_path/../Frameworks @loader_path/../Frameworks";
				PRODUCT_BUNDLE_IDENTIFIER = "test.key-event-test-1Tests";
				PRODUCT_NAME = "$(TARGET_NAME)";
				TEST_HOST = "$(BUILT_PRODUCTS_DIR)/key_event_test_1.app/Contents/MacOS/key_event_test_1";
			};
			name = Release;
		};
		5C0BCAE81CEDFA1300B06640 /* Debug */ = {
			isa = XCBuildConfiguration;
			buildSettings = {
				COMBINE_HIDPI_IMAGES = YES;
				INFOPLIST_FILE = key_event_test_1UITests/Info.plist;
				LD_RUNPATH_SEARCH_PATHS = "$(inherited) @executable_path/../Frameworks @loader_path/../Frameworks";
				PRODUCT_BUNDLE_IDENTIFIER = "test.key-event-test-1UITests";
				PRODUCT_NAME = "$(TARGET_NAME)";
				TEST_TARGET_NAME = key_event_test_1;
				USES_XCTRUNNER = YES;
			};
			name = Debug;
		};
		5C0BCAE91CEDFA1300B06640 /* Release */ = {
			isa = XCBuildConfiguration;
			buildSettings = {
				COMBINE_HIDPI_IMAGES = YES;
				INFOPLIST_FILE = key_event_test_1UITests/Info.plist;
				LD_RUNPATH_SEARCH_PATHS = "$(inherited) @executable_path/../Frameworks @loader_path/../Frameworks";
				PRODUCT_BUNDLE_IDENTIFIER = "test.key-event-test-1UITests";
				PRODUCT_NAME = "$(TARGET_NAME)";
				TEST_TARGET_NAME = key_event_test_1;
				USES_XCTRUNNER = YES;
			};
			name = Release;
		};
/* End XCBuildConfiguration section */

/* Begin XCConfigurationList section */
		5C0BCAB91CEDFA1300B06640 /* Build configuration list for PBXProject "key_event_test_1" */ = {
			isa = XCConfigurationList;
			buildConfigurations = (
				5C0BCADF1CEDFA1300B06640 /* Debug */,
				5C0BCAE01CEDFA1300B06640 /* Release */,
			);
			defaultConfigurationIsVisible = 0;
			defaultConfigurationName = Release;
		};
		5C0BCAE11CEDFA1300B06640 /* Build configuration list for PBXNativeTarget "key_event_test_1" */ = {
			isa = XCConfigurationList;
			buildConfigurations = (
				5C0BCAE21CEDFA1300B06640 /* Debug */,
				5C0BCAE31CEDFA1300B06640 /* Release */,
			);
			defaultConfigurationIsVisible = 0;
		};
		5C0BCAE41CEDFA1300B06640 /* Build configuration list for PBXNativeTarget "key_event_test_1Tests" */ = {
			isa = XCConfigurationList;
			buildConfigurations = (
				5C0BCAE51CEDFA1300B06640 /* Debug */,
				5C0BCAE61CEDFA1300B06640 /* Release */,
			);
			defaultConfigurationIsVisible = 0;
		};
		5C0BCAE71CEDFA1300B06640 /* Build configuration list for PBXNativeTarget "key_event_test_1UITests" */ = {
			isa = XCConfigurationList;
			buildConfigurations = (
				5C0BCAE81CEDFA1300B06640 /* Debug */,
				5C0BCAE91CEDFA1300B06640 /* Release */,
			);
			defaultConfigurationIsVisible = 0;
		};
/* End XCConfigurationList section */
	};
	rootObject = 5C0BCAB61CEDFA1300B06640 /* Project object */;
}
